
Microsoft Visual Studio Solution File, Format Version 12.00
# Visual Studio Version 17
VisualStudioVersion = 17.13.35931.197 d17.13
MinimumVisualStudioVersion = 10.0.40219.1
Project("{FAE04EC0-301F-11D3-BF4B-00C04F79EFBC}") = "3DCarRacingServer", "3DCarRacingServer\3DCarRacingServer.csproj", "{F6F191E0-EA19-4DD5-B007-CC5E8A257AFE}"
EndProject
Global
	GlobalSection(SolutionConfigurationPlatforms) = preSolution
		Debug|Any CPU = Debug|Any CPU
		Release|Any CPU = Release|Any CPU
	EndGlobalSection
	GlobalSection(ProjectConfigurationPlatforms) = postSolution
		{F6F191E0-EA19-4DD5-B007-CC5E8A257AFE}.Debug|Any CPU.ActiveCfg = Debug|Any CPU
		{F6F191E0-EA19-4DD5-B007-CC5E8A257AFE}.Debug|Any CPU.Build.0 = Debug|Any CPU
		{F6F191E0-EA19-4DD5-B007-CC5E8A257AFE}.Release|Any CPU.ActiveCfg = Release|Any CPU
		{F6F191E0-EA19-4DD5-B007-CC5E8A257AFE}.Release|Any CPU.Build.0 = Release|Any CPU
	EndGlobalSection
	GlobalSection(SolutionProperties) = preSolution
		HideSolutionNode = FALSE
	EndGlobalSection
	GlobalSection(ExtensibilityGlobals) = postSolution
		SolutionGuid = {110EAF67-0F03-4306-91BE-BD4BB66BF7DF}
	EndGlobalSection
EndGlobal
